{
  "name": "ngx-noui-slider",
  "version": "0.0.1",
  "lockfileVersion": 1,
  "requires": true,
  "dependencies": {
    "nouislider": {
      "version": "15.2.0",
      "resolved": "https://registry.npmjs.org/nouislider/-/nouislider-15.2.0.tgz",
      "integrity": "sha512-LoZwN+wwU+z/0/UtjQY8VUcVElFJX6GfHkgJ5z1NIt/+KpOsjxEW4EAtBkBWvHNxf9HBzR62K6ft9NpNBkA5/w=="
    },
    "tslib": {
      "version": "2.3.0",
      "resolved": "https://registry.npmjs.org/tslib/-/tslib-2.3.0.tgz",
      "integrity": "sha512-N82ooyxVNm6h1riLCoyS9e3fuJ3AMG2zIZs2Gd1ATcSFjSA23Q0fzjjZeh0jbJvWVDZ0cJT8yaNNaaXHzueNjg=="
    }
  }
}
